
Microsoft Visual Studio Solution File, Format Version 12.00
# Visual Studio Version 16
VisualStudioVersion = 16.0.28917.181
MinimumVisualStudioVersion = 10.0.40219.1
Project("{FAE04EC0-301F-11D3-BF4B-00C04F79EFBC}") = "ExternalLogin", "ExternalLogin\ExternalLogin.csproj", "{D7DEC9A7-D6B7-48AD-B0E5-CA772752480F}"
EndProject
Global
	GlobalSection(SolutionConfigurationPlatforms) = preSolution
		Debug|Any CPU = Debug|Any CPU
		Release|Any CPU = Release|Any CPU
	EndGlobalSection
	GlobalSection(ProjectConfigurationPlatforms) = postSolution
		{D7DEC9A7-D6B7-48AD-B0E5-CA772752480F}.Debug|Any CPU.ActiveCfg = Debug|Any CPU
		{D7DEC9A7-D6B7-48AD-B0E5-CA772752480F}.Debug|Any CPU.Build.0 = Debug|Any CPU
		{D7DEC9A7-D6B7-48AD-B0E5-CA772752480F}.Release|Any CPU.ActiveCfg = Release|Any CPU
		{D7DEC9A7-D6B7-48AD-B0E5-CA772752480F}.Release|Any CPU.Build.0 = Release|Any CPU
	EndGlobalSection
	GlobalSection(SolutionProperties) = preSolution
		HideSolutionNode = FALSE
	EndGlobalSection
	GlobalSection(ExtensibilityGlobals) = postSolution
		SolutionGuid = {E23E85B1-582D-4ECC-AB98-028E55F971AB}
	EndGlobalSection
EndGlobal
